# THIS IS AN AUTOGENERATED FILE. DO NOT EDIT THIS FILE DIRECTLY.
# yarn lockfile v1


randombytes@^2.0.3:
  version "2.0.5"
  resolved "https://registry.yarnpkg.com/randombytes/-/randombytes-2.0.5.tgz#dc009a246b8d09a177b4b7a0ae77bc570f4b1b79"
  dependencies:
    safe-buffer "^5.1.0"

react-native-uuid@^1.4.9:
  version "1.4.9"
  resolved "https://registry.yarnpkg.com/react-native-uuid/-/react-native-uuid-1.4.9.tgz#a526742f8fddfe6414500655212ca8d109c40229"
  dependencies:
    randombytes "^2.0.3"

safe-buffer@^5.1.0:
  version "5.1.1"
  resolved "https://registry.yarnpkg.com/safe-buffer/-/safe-buffer-5.1.1.tgz#893312af69b2123def71f57889001671eeb2c853"
